
Microsoft Visual Studio Solution File, Format Version 12.00
# Visual Studio 15
VisualStudioVersion = 15.0.27703.2047
MinimumVisualStudioVersion = 10.0.40219.1
Project("{FAE04EC0-301F-11D3-BF4B-00C04F79EFBC}") = "Nomad", "Nomad\Nomad.csproj", "{FBF96FC9-DDE5-41B1-A76F-77ADE3F205A2}"
EndProject
Global
	GlobalSection(SolutionConfigurationPlatforms) = preSolution
		Debug|Any CPU = Debug|Any CPU
		Release|Any CPU = Release|Any CPU
	EndGlobalSection
	GlobalSection(ProjectConfigurationPlatforms) = postSolution
		{FBF96FC9-DDE5-41B1-A76F-77ADE3F205A2}.Debug|Any CPU.ActiveCfg = Debug|Any CPU
		{FBF96FC9-DDE5-41B1-A76F-77ADE3F205A2}.Debug|Any CPU.Build.0 = Debug|Any CPU
		{FBF96FC9-DDE5-41B1-A76F-77ADE3F205A2}.Release|Any CPU.ActiveCfg = Release|Any CPU
		{FBF96FC9-DDE5-41B1-A76F-77ADE3F205A2}.Release|Any CPU.Build.0 = Release|Any CPU
	EndGlobalSection
	GlobalSection(SolutionProperties) = preSolution
		HideSolutionNode = FALSE
	EndGlobalSection
	GlobalSection(ExtensibilityGlobals) = postSolution
		SolutionGuid = {5E1F67F3-83A9-4630-AB0D-9CEBAC5D0D06}
	EndGlobalSection
EndGlobal
